schema: '2.0'
stages:
  data_ingestion:
    cmd: python data_ingestion.py
    deps:
    - path: data
      hash: md5
      md5: 7bf7e9dfe00967eb4b875145a3b3508e.dir
      size: 11328
      nfiles: 1
    - path: data_ingestion.py
      hash: md5
      md5: fbc4fdb904d67a0ee1b9ccb7b511ec47
      size: 1138
    outs:
    - path: splitted_data
      hash: md5
      md5: 9bf4f27ad13d2328f9c9a7fef983b55f.dir
      size: 11971
      nfiles: 4
  model_building:
    cmd: python model_trainer.py
    deps:
    - path: model_trainer.py
      hash: md5
      md5: 30548d15cd0f5b3bed3028682de13d6a
      size: 685
    - path: splitted_data
      hash: md5
      md5: 9bf4f27ad13d2328f9c9a7fef983b55f.dir
      size: 11971
      nfiles: 4
    outs:
    - path: models/model.pkl
      hash: md5
      md5: 9cca601867a1b67310ae816c80a27d56
      size: 59670
  model_evaluation:
    cmd: python eval.py
    deps:
    - path: eval.py
      hash: md5
      md5: 20077796b2c9698f4acdc0bc03efc7d7
      size: 1031
    - path: models/model.pkl
      hash: md5
      md5: 9cca601867a1b67310ae816c80a27d56
      size: 59670
